
Microsoft Visual Studio Solution File, Format Version 12.00
# Visual Studio Version 17
VisualStudioVersion = 17.14.37216.2
MinimumVisualStudioVersion = 10.0.40219.1
Project("{9A19103F-16F7-4668-BE54-9A1E7A4F7556}") = "Axiom.RevitAddin.2027", "Axiom.RevitAddin.2027\Axiom.RevitAddin.2027.csproj", "{A1B2C3D4-1111-2222-3333-444455556677}"
EndProject
Project("{9A19103F-16F7-4668-BE54-9A1E7A4F7556}") = "Axiom.Core.2027", "Axiom.Core.2027\Axiom.Core.2027.csproj", "{A1B2C3D4-1111-2222-3333-444455558899}"
EndProject
Global
	GlobalSection(SolutionConfigurationPlatforms) = preSolution
		Debug|x64 = Debug|x64
		Release|x64 = Release|x64
	EndGlobalSection
	GlobalSection(ProjectConfigurationPlatforms) = postSolution
		{A1B2C3D4-1111-2222-3333-444455556677}.Debug|x64.ActiveCfg = Debug|x64
		{A1B2C3D4-1111-2222-3333-444455556677}.Debug|x64.Build.0 = Debug|x64
		{A1B2C3D4-1111-2222-3333-444455556677}.Release|x64.ActiveCfg = Release|x64
		{A1B2C3D4-1111-2222-3333-444455556677}.Release|x64.Build.0 = Release|x64
		{A1B2C3D4-1111-2222-3333-444455558899}.Debug|x64.ActiveCfg = Debug|x64
		{A1B2C3D4-1111-2222-3333-444455558899}.Debug|x64.Build.0 = Debug|x64
		{A1B2C3D4-1111-2222-3333-444455558899}.Release|x64.ActiveCfg = Release|x64
		{A1B2C3D4-1111-2222-3333-444455558899}.Release|x64.Build.0 = Release|x64
	EndGlobalSection
	GlobalSection(SolutionProperties) = preSolution
		HideSolutionNode = FALSE
	EndGlobalSection
	GlobalSection(ExtensibilityGlobals) = postSolution
		SolutionGuid = {B2C3D4E5-2222-3333-4444-555566667788}
	EndGlobalSection
EndGlobal
